<?xml version="1.0" encoding="utf-8"?>
<Project ToolsVersion="4.0" xmlns="http://schemas.microsoft.com/developer/msbuild/2003">
  <ItemGroup>
    <Filter Include="Source Files">
      <UniqueIdentifier>{4FC737F1-C7A5-4376-A066-2A32D752A2FF}</UniqueIdentifier>
      <Extensions>cpp;c;cc;cxx;def;odl;idl;hpj;bat;asm;asmx</Extensions>
    </Filter>
    <Filter Include="Header Files">
      <UniqueIdentifier>{93995380-89BD-4b04-88EB-625FBE52EBFB}</UniqueIdentifier>
      <Extensions>h;hh;hpp;hxx;hm;inl;inc;xsd</Extensions>
    </Filter>
    <Filter Include="Resource Files">
      <UniqueIdentifier>{67DA6AB6-F800-4c08-8B7A-83BB121AAD01}</UniqueIdentifier>
      <Extensions>rc;ico;cur;bmp;dlg;rc2;rct;bin;rgs;gif;jpg;jpeg;jpe;resx;tiff;tif;png;wav;mfcribbon-ms</Extensions>
    </Filter>
  </ItemGroup>
  <ItemGroup>
    <ClCompile Include="main.c">
      <Filter>Source Files</Filter>
    </ClCompile>
    <ClCompile Include="descriptor_tables.c">
      <Filter>Source Files</Filter>
    </ClCompile>
    <ClCompile Include="isr.c">
      <Filter>Source Files</Filter>
    </ClCompile>
    <ClCompile Include="pic.c">
      <Filter>Source Files</Filter>
    </ClCompile>
    <ClCompile Include="pit.c">
      <Filter>Source Files</Filter>
    </ClCompile>
    <ClCompile Include="screen.c">
      <Filter>Source Files</Filter>
    </ClCompile>
    <ClCompile Include="system.c">
      <Filter>Source Files</Filter>
    </ClCompile>
    <ClCompile Include="PCI.c">
      <Filter>Source Files</Filter>
    </ClCompile>
    <ClCompile Include="Simple_fs.c">
      <Filter>Source Files</Filter>
    </ClCompile>
    <ClCompile Include="AHCI.c">
      <Filter>Source Files</Filter>
    </ClCompile>
    <ClCompile Include="timer.c">
      <Filter>Source Files</Filter>
    </ClCompile>
    <ClCompile Include="utility.c">
      <Filter>Source Files</Filter>
    </ClCompile>
    <ClCompile Include="kalloc.c">
      <Filter>Source Files</Filter>
    </ClCompile>
    <ClCompile Include="mmngr_virtual.c">
      <Filter>Source Files</Filter>
    </ClCompile>
  </ItemGroup>
  <ItemGroup>
    <ClInclude Include="boot_info.h">
      <Filter>Header Files</Filter>
    </ClInclude>
    <ClInclude Include="descriptor_tables.h">
      <Filter>Header Files</Filter>
    </ClInclude>
    <ClInclude Include="PCI.h">
      <Filter>Header Files</Filter>
    </ClInclude>
    <ClInclude Include="pic.h">
      <Filter>Header Files</Filter>
    </ClInclude>
    <ClInclude Include="pit.h">
      <Filter>Header Files</Filter>
    </ClInclude>
    <ClInclude Include="screen.h">
      <Filter>Header Files</Filter>
    </ClInclude>
    <ClInclude Include="system.h">
      <Filter>Header Files</Filter>
    </ClInclude>
    <ClInclude Include="PE_Definitions.h">
      <Filter>Header Files</Filter>
    </ClInclude>
    <ClInclude Include="Simple_fs.h">
      <Filter>Header Files</Filter>
    </ClInclude>
    <ClInclude Include="kalloc.h">
      <Filter>Header Files</Filter>
    </ClInclude>
    <ClInclude Include="AHCI.h">
      <Filter>Header Files</Filter>
    </ClInclude>
    <ClInclude Include="AHCIDefinitions.h">
      <Filter>Header Files</Filter>
    </ClInclude>
    <ClInclude Include="timer.h">
      <Filter>Header Files</Filter>
    </ClInclude>
    <ClInclude Include="types.h">
      <Filter>Header Files</Filter>
    </ClInclude>
    <ClInclude Include="utility.h">
      <Filter>Header Files</Filter>
    </ClInclude>
    <ClInclude Include="mmngr_virtual.h">
      <Filter>Header Files</Filter>
    </ClInclude>
    <ClInclude Include="isr.h">
      <Filter>Header Files</Filter>
    </ClInclude>
  </ItemGroup>
  <ItemGroup>
    <MASM Include="kasm.asm">
      <Filter>Source Files</Filter>
    </MASM>
  </ItemGroup>
</Project>